
Microsoft Visual Studio Solution File, Format Version 12.00
# Visual Studio Version 17
VisualStudioVersion = 17.7.34031.279
MinimumVisualStudioVersion = 10.0.40219.1
Project("{FAE04EC0-301F-11D3-BF4B-00C04F79EFBC}") = "WithoutMiddleware", "WithoutMiddleware\WithoutMiddleware.csproj", "{7549B4C3-901D-4025-AB40-82650182ABD4}"
EndProject
Project("{FAE04EC0-301F-11D3-BF4B-00C04F79EFBC}") = "WithMiddleware", "WithMiddleware\WithMiddleware.csproj", "{3D1A928E-11B4-4CD5-BBE9-0B6588F16CAA}"
EndProject
Global
	GlobalSection(SolutionConfigurationPlatforms) = preSolution
		Debug|Any CPU = Debug|Any CPU
		Release|Any CPU = Release|Any CPU
	EndGlobalSection
	GlobalSection(ProjectConfigurationPlatforms) = postSolution
		{7549B4C3-901D-4025-AB40-82650182ABD4}.Debug|Any CPU.ActiveCfg = Debug|Any CPU
		{7549B4C3-901D-4025-AB40-82650182ABD4}.Debug|Any CPU.Build.0 = Debug|Any CPU
		{7549B4C3-901D-4025-AB40-82650182ABD4}.Release|Any CPU.ActiveCfg = Release|Any CPU
		{7549B4C3-901D-4025-AB40-82650182ABD4}.Release|Any CPU.Build.0 = Release|Any CPU
		{3D1A928E-11B4-4CD5-BBE9-0B6588F16CAA}.Debug|Any CPU.ActiveCfg = Debug|Any CPU
		{3D1A928E-11B4-4CD5-BBE9-0B6588F16CAA}.Debug|Any CPU.Build.0 = Debug|Any CPU
		{3D1A928E-11B4-4CD5-BBE9-0B6588F16CAA}.Release|Any CPU.ActiveCfg = Release|Any CPU
		{3D1A928E-11B4-4CD5-BBE9-0B6588F16CAA}.Release|Any CPU.Build.0 = Release|Any CPU
	EndGlobalSection
	GlobalSection(SolutionProperties) = preSolution
		HideSolutionNode = FALSE
	EndGlobalSection
	GlobalSection(ExtensibilityGlobals) = postSolution
		SolutionGuid = {F12AF5A4-1CA5-4966-B04E-094961BD928D}
	EndGlobalSection
EndGlobal
