
Microsoft Visual Studio Solution File, Format Version 12.00
# Visual Studio Version 17
VisualStudioVersion = 17.9.34728.123
MinimumVisualStudioVersion = 10.0.40219.1
Project("{FAE04EC0-301F-11D3-BF4B-00C04F79EFBC}") = "KeyedService", "KeyedService.csproj", "{6B2BED7F-65C8-43BE-9FFA-54EFCA57B154}"
EndProject
Global
	GlobalSection(SolutionConfigurationPlatforms) = preSolution
		Debug|Any CPU = Debug|Any CPU
		Release|Any CPU = Release|Any CPU
	EndGlobalSection
	GlobalSection(ProjectConfigurationPlatforms) = postSolution
		{6B2BED7F-65C8-43BE-9FFA-54EFCA57B154}.Debug|Any CPU.ActiveCfg = Debug|Any CPU
		{6B2BED7F-65C8-43BE-9FFA-54EFCA57B154}.Debug|Any CPU.Build.0 = Debug|Any CPU
		{6B2BED7F-65C8-43BE-9FFA-54EFCA57B154}.Release|Any CPU.ActiveCfg = Release|Any CPU
		{6B2BED7F-65C8-43BE-9FFA-54EFCA57B154}.Release|Any CPU.Build.0 = Release|Any CPU
	EndGlobalSection
	GlobalSection(SolutionProperties) = preSolution
		HideSolutionNode = FALSE
	EndGlobalSection
	GlobalSection(ExtensibilityGlobals) = postSolution
		SolutionGuid = {B428F1A3-E0D3-4251-8DF5-70ECFF19FC6E}
	EndGlobalSection
EndGlobal
