
Microsoft Visual Studio Solution File, Format Version 12.00
# Visual Studio Version 17
VisualStudioVersion = 17.9.34728.123
MinimumVisualStudioVersion = 10.0.40219.1
Project("{FAE04EC0-301F-11D3-BF4B-00C04F79EFBC}") = "Fake.Data", "Fake.Data\Fake.Data.csproj", "{1F634BCF-0459-4885-BB97-C8EB0A7C4465}"
EndProject
Project("{FAE04EC0-301F-11D3-BF4B-00C04F79EFBC}") = "Fake.Test", "Fake.Test\Fake.Test.csproj", "{A2739AB3-E37D-41CA-88B5-C8EC08BA891C}"
EndProject
Global
	GlobalSection(SolutionConfigurationPlatforms) = preSolution
		Debug|Any CPU = Debug|Any CPU
		Release|Any CPU = Release|Any CPU
	EndGlobalSection
	GlobalSection(ProjectConfigurationPlatforms) = postSolution
		{1F634BCF-0459-4885-BB97-C8EB0A7C4465}.Debug|Any CPU.ActiveCfg = Debug|Any CPU
		{1F634BCF-0459-4885-BB97-C8EB0A7C4465}.Debug|Any CPU.Build.0 = Debug|Any CPU
		{1F634BCF-0459-4885-BB97-C8EB0A7C4465}.Release|Any CPU.ActiveCfg = Release|Any CPU
		{1F634BCF-0459-4885-BB97-C8EB0A7C4465}.Release|Any CPU.Build.0 = Release|Any CPU
		{A2739AB3-E37D-41CA-88B5-C8EC08BA891C}.Debug|Any CPU.ActiveCfg = Debug|Any CPU
		{A2739AB3-E37D-41CA-88B5-C8EC08BA891C}.Debug|Any CPU.Build.0 = Debug|Any CPU
		{A2739AB3-E37D-41CA-88B5-C8EC08BA891C}.Release|Any CPU.ActiveCfg = Release|Any CPU
		{A2739AB3-E37D-41CA-88B5-C8EC08BA891C}.Release|Any CPU.Build.0 = Release|Any CPU
	EndGlobalSection
	GlobalSection(SolutionProperties) = preSolution
		HideSolutionNode = FALSE
	EndGlobalSection
	GlobalSection(ExtensibilityGlobals) = postSolution
		SolutionGuid = {69B6C201-BC6E-410D-9F63-BD926478368C}
	EndGlobalSection
EndGlobal
